
Microsoft Visual Studio Solution File, Format Version 12.00
# Visual Studio Version 16
VisualStudioVersion = 16.0.30907.101
MinimumVisualStudioVersion = 10.0.40219.1
Project("{F184B08F-C81C-45F6-A57F-5ABD9991F28F}") = "SzukajKumpla", "SzukajKumpla\SzukajKumpla.vbproj", "{1E1ADFEC-00EB-4777-B1EB-827D4D0FD4D9}"
EndProject
Project("{F184B08F-C81C-45F6-A57F-5ABD9991F28F}") = "CzatujWtle", "CzatujWtle\CzatujWtle.vbproj", "{707BAC7C-881F-41A5-BFBB-F9FF79859BE8}"
EndProject
Global
	GlobalSection(SolutionConfigurationPlatforms) = preSolution
		Debug|Any CPU = Debug|Any CPU
		Debug|ARM = Debug|ARM
		Debug|ARM64 = Debug|ARM64
		Debug|x64 = Debug|x64
		Debug|x86 = Debug|x86
		Release|Any CPU = Release|Any CPU
		Release|ARM = Release|ARM
		Release|ARM64 = Release|ARM64
		Release|x64 = Release|x64
		Release|x86 = Release|x86
	EndGlobalSection
	GlobalSection(ProjectConfigurationPlatforms) = postSolution
		{1E1ADFEC-00EB-4777-B1EB-827D4D0FD4D9}.Debug|Any CPU.ActiveCfg = Debug|x86
		{1E1ADFEC-00EB-4777-B1EB-827D4D0FD4D9}.Debug|ARM.ActiveCfg = Debug|ARM
		{1E1ADFEC-00EB-4777-B1EB-827D4D0FD4D9}.Debug|ARM.Build.0 = Debug|ARM
		{1E1ADFEC-00EB-4777-B1EB-827D4D0FD4D9}.Debug|ARM.Deploy.0 = Debug|ARM
		{1E1ADFEC-00EB-4777-B1EB-827D4D0FD4D9}.Debug|ARM64.ActiveCfg = Debug|ARM64
		{1E1ADFEC-00EB-4777-B1EB-827D4D0FD4D9}.Debug|ARM64.Build.0 = Debug|ARM64
		{1E1ADFEC-00EB-4777-B1EB-827D4D0FD4D9}.Debug|ARM64.Deploy.0 = Debug|ARM64
		{1E1ADFEC-00EB-4777-B1EB-827D4D0FD4D9}.Debug|x64.ActiveCfg = Debug|x64
		{1E1ADFEC-00EB-4777-B1EB-827D4D0FD4D9}.Debug|x64.Build.0 = Debug|x64
		{1E1ADFEC-00EB-4777-B1EB-827D4D0FD4D9}.Debug|x64.Deploy.0 = Debug|x64
		{1E1ADFEC-00EB-4777-B1EB-827D4D0FD4D9}.Debug|x86.ActiveCfg = Debug|x86
		{1E1ADFEC-00EB-4777-B1EB-827D4D0FD4D9}.Debug|x86.Build.0 = Debug|x86
		{1E1ADFEC-00EB-4777-B1EB-827D4D0FD4D9}.Debug|x86.Deploy.0 = Debug|x86
		{1E1ADFEC-00EB-4777-B1EB-827D4D0FD4D9}.Release|Any CPU.ActiveCfg = Release|x86
		{1E1ADFEC-00EB-4777-B1EB-827D4D0FD4D9}.Release|ARM.ActiveCfg = Release|ARM
		{1E1ADFEC-00EB-4777-B1EB-827D4D0FD4D9}.Release|ARM.Build.0 = Release|ARM
		{1E1ADFEC-00EB-4777-B1EB-827D4D0FD4D9}.Release|ARM.Deploy.0 = Release|ARM
		{1E1ADFEC-00EB-4777-B1EB-827D4D0FD4D9}.Release|ARM64.ActiveCfg = Release|ARM64
		{1E1ADFEC-00EB-4777-B1EB-827D4D0FD4D9}.Release|ARM64.Build.0 = Release|ARM64
		{1E1ADFEC-00EB-4777-B1EB-827D4D0FD4D9}.Release|ARM64.Deploy.0 = Release|ARM64
		{1E1ADFEC-00EB-4777-B1EB-827D4D0FD4D9}.Release|x64.ActiveCfg = Release|x64
		{1E1ADFEC-00EB-4777-B1EB-827D4D0FD4D9}.Release|x64.Build.0 = Release|x64
		{1E1ADFEC-00EB-4777-B1EB-827D4D0FD4D9}.Release|x64.Deploy.0 = Release|x64
		{1E1ADFEC-00EB-4777-B1EB-827D4D0FD4D9}.Release|x86.ActiveCfg = Release|x86
		{1E1ADFEC-00EB-4777-B1EB-827D4D0FD4D9}.Release|x86.Build.0 = Release|x86
		{1E1ADFEC-00EB-4777-B1EB-827D4D0FD4D9}.Release|x86.Deploy.0 = Release|x86
		{707BAC7C-881F-41A5-BFBB-F9FF79859BE8}.Debug|Any CPU.ActiveCfg = Debug|Any CPU
		{707BAC7C-881F-41A5-BFBB-F9FF79859BE8}.Debug|Any CPU.Build.0 = Debug|Any CPU
		{707BAC7C-881F-41A5-BFBB-F9FF79859BE8}.Debug|ARM.ActiveCfg = Debug|ARM
		{707BAC7C-881F-41A5-BFBB-F9FF79859BE8}.Debug|ARM.Build.0 = Debug|ARM
		{707BAC7C-881F-41A5-BFBB-F9FF79859BE8}.Debug|ARM64.ActiveCfg = Debug|ARM64
		{707BAC7C-881F-41A5-BFBB-F9FF79859BE8}.Debug|ARM64.Build.0 = Debug|ARM64
		{707BAC7C-881F-41A5-BFBB-F9FF79859BE8}.Debug|x64.ActiveCfg = Debug|x64
		{707BAC7C-881F-41A5-BFBB-F9FF79859BE8}.Debug|x64.Build.0 = Debug|x64
		{707BAC7C-881F-41A5-BFBB-F9FF79859BE8}.Debug|x86.ActiveCfg = Debug|x86
		{707BAC7C-881F-41A5-BFBB-F9FF79859BE8}.Debug|x86.Build.0 = Debug|x86
		{707BAC7C-881F-41A5-BFBB-F9FF79859BE8}.Release|Any CPU.ActiveCfg = Release|Any CPU
		{707BAC7C-881F-41A5-BFBB-F9FF79859BE8}.Release|Any CPU.Build.0 = Release|Any CPU
		{707BAC7C-881F-41A5-BFBB-F9FF79859BE8}.Release|ARM.ActiveCfg = Release|ARM
		{707BAC7C-881F-41A5-BFBB-F9FF79859BE8}.Release|ARM.Build.0 = Release|ARM
		{707BAC7C-881F-41A5-BFBB-F9FF79859BE8}.Release|ARM64.ActiveCfg = Release|ARM64
		{707BAC7C-881F-41A5-BFBB-F9FF79859BE8}.Release|ARM64.Build.0 = Release|ARM64
		{707BAC7C-881F-41A5-BFBB-F9FF79859BE8}.Release|x64.ActiveCfg = Release|x64
		{707BAC7C-881F-41A5-BFBB-F9FF79859BE8}.Release|x64.Build.0 = Release|x64
		{707BAC7C-881F-41A5-BFBB-F9FF79859BE8}.Release|x86.ActiveCfg = Release|x86
		{707BAC7C-881F-41A5-BFBB-F9FF79859BE8}.Release|x86.Build.0 = Release|x86
	EndGlobalSection
	GlobalSection(SolutionProperties) = preSolution
		HideSolutionNode = FALSE
	EndGlobalSection
	GlobalSection(ExtensibilityGlobals) = postSolution
		SolutionGuid = {9E3A261B-0993-4B1B-8B6B-5489F2C8DB46}
	EndGlobalSection
EndGlobal
